
Microsoft Visual Studio Solution File, Format Version 12.00
# Visual Studio Version 17
VisualStudioVersion = 17.0.32126.317
MinimumVisualStudioVersion = 10.0.40219.1
Project("{FAE04EC0-301F-11D3-BF4B-00C04F79EFBC}") = "MoscowWeather", "MoscowWeather.csproj", "{6E25C701-2C0A-4B57-8088-D1FC43F366A3}"
EndProject
Global
	GlobalSection(SolutionConfigurationPlatforms) = preSolution
		Debug|Any CPU = Debug|Any CPU
		Release|Any CPU = Release|Any CPU
	EndGlobalSection
	GlobalSection(ProjectConfigurationPlatforms) = postSolution
		{6E25C701-2C0A-4B57-8088-D1FC43F366A3}.Debug|Any CPU.ActiveCfg = Debug|Any CPU
		{6E25C701-2C0A-4B57-8088-D1FC43F366A3}.Debug|Any CPU.Build.0 = Debug|Any CPU
		{6E25C701-2C0A-4B57-8088-D1FC43F366A3}.Release|Any CPU.ActiveCfg = Release|Any CPU
		{6E25C701-2C0A-4B57-8088-D1FC43F366A3}.Release|Any CPU.Build.0 = Release|Any CPU
	EndGlobalSection
	GlobalSection(SolutionProperties) = preSolution
		HideSolutionNode = FALSE
	EndGlobalSection
	GlobalSection(ExtensibilityGlobals) = postSolution
		SolutionGuid = {4177B326-BF92-4AD2-AF5E-A93E07677DC5}
	EndGlobalSection
EndGlobal
